# This file is automatically @generated by Cargo.
# It is not intended for manual editing.
[[package]]
name = "az"
version = "0.3.1"
source = "registry+https://github.com/rust-lang/crates.io-index"
checksum = "41a6b78289a33e09b00818ca8c90ab17c5dabb6e74f4b29a6de679c0e0886ade"

[[package]]
name = "fp-error-estimate"
version = "0.1.0"
dependencies = [
 "rug",
]

[[package]]
name = "gmp-mpfr-sys"
version = "1.2.2"
source = "registry+https://github.com/rust-lang/crates.io-index"
checksum = "63d7f805cf9df081683d463f62864bda8b8e3ce7162a8e11cd0c49f27b8ce89b"
dependencies = [
 "libc",
 "winapi",
]

[[package]]
name = "libc"
version = "0.2.69"
source = "registry+https://github.com/rust-lang/crates.io-index"
checksum = "99e85c08494b21a9054e7fe1374a732aeadaff3980b6990b94bfd3a70f690005"

[[package]]
name = "rug"
version = "1.8.0"
source = "registry+https://github.com/rust-lang/crates.io-index"
checksum = "72315b6d9cb7d886fb99724330c47ceb29e923df657c31da3849fe88c0ded710"
dependencies = [
 "az",
 "gmp-mpfr-sys",
 "libc",
]

[[package]]
name = "winapi"
version = "0.3.8"
source = "registry+https://github.com/rust-lang/crates.io-index"
checksum = "8093091eeb260906a183e6ae1abdba2ef5ef2257a21801128899c3fc699229c6"
dependencies = [
 "winapi-i686-pc-windows-gnu",
 "winapi-x86_64-pc-windows-gnu",
]

[[package]]
name = "winapi-i686-pc-windows-gnu"
version = "0.4.0"
source = "registry+https://github.com/rust-lang/crates.io-index"
checksum = "ac3b87c63620426dd9b991e5ce0329eff545bccbbb34f3be09ff6fb6ab51b7b6"

[[package]]
name = "winapi-x86_64-pc-windows-gnu"
version = "0.4.0"
source = "registry+https://github.com/rust-lang/crates.io-index"
checksum = "712e227841d057c1ee1cd2fb22fa7e5a5461ae8e48fa2ca79ec42cfc1931183f"
